
Microsoft Visual Studio Solution File, Format Version 12.00
# Visual Studio Version 16
VisualStudioVersion = 16.0.31613.86
MinimumVisualStudioVersion = 10.0.40219.1
Project("{FAE04EC0-301F-11D3-BF4B-00C04F79EFBC}") = "Rina", "Rina\Rina.csproj", "{F77B2C08-C817-4EAF-9002-1BFDBCF1DC2F}"
EndProject
Global
	GlobalSection(SolutionConfigurationPlatforms) = preSolution
		Debug|Any CPU = Debug|Any CPU
		Debug|x64 = Debug|x64
		Release|Any CPU = Release|Any CPU
		Release|x64 = Release|x64
	EndGlobalSection
	GlobalSection(ProjectConfigurationPlatforms) = postSolution
		{F77B2C08-C817-4EAF-9002-1BFDBCF1DC2F}.Debug|Any CPU.ActiveCfg = Debug|Any CPU
		{F77B2C08-C817-4EAF-9002-1BFDBCF1DC2F}.Debug|Any CPU.Build.0 = Debug|Any CPU
		{F77B2C08-C817-4EAF-9002-1BFDBCF1DC2F}.Debug|x64.ActiveCfg = Debug|x64
		{F77B2C08-C817-4EAF-9002-1BFDBCF1DC2F}.Debug|x64.Build.0 = Debug|x64
		{F77B2C08-C817-4EAF-9002-1BFDBCF1DC2F}.Release|Any CPU.ActiveCfg = Release|Any CPU
		{F77B2C08-C817-4EAF-9002-1BFDBCF1DC2F}.Release|Any CPU.Build.0 = Release|Any CPU
		{F77B2C08-C817-4EAF-9002-1BFDBCF1DC2F}.Release|x64.ActiveCfg = Release|x64
		{F77B2C08-C817-4EAF-9002-1BFDBCF1DC2F}.Release|x64.Build.0 = Release|x64
	EndGlobalSection
	GlobalSection(SolutionProperties) = preSolution
		HideSolutionNode = FALSE
	EndGlobalSection
	GlobalSection(ExtensibilityGlobals) = postSolution
		SolutionGuid = {0AFB991F-EC2A-4A6F-8599-406F852DBD2A}
	EndGlobalSection
EndGlobal
